
Microsoft Visual Studio Solution File, Format Version 12.00
# Visual Studio Version 17
VisualStudioVersion = 17.0.31903.59
MinimumVisualStudioVersion = 10.0.40219.1
Project("{FAE04EC0-301F-11D3-BF4B-00C04F79EFBC}") = "Bolt.MaySucceed", "Bolt.MaySucceed\Bolt.MaySucceed.csproj", "{4FB0A4A7-405F-45AA-A650-FC60C3103790}"
EndProject
Project("{2150E333-8FDC-42A3-9474-1A3956D46DE8}") = "Tests", "Tests", "{BA058193-22CB-47A4-8023-ED4369A917AC}"
EndProject
Project("{FAE04EC0-301F-11D3-BF4B-00C04F79EFBC}") = "Bolt.MaySucceed.Tests", "Bolt.MaySucceed.Tests\Bolt.MaySucceed.Tests.csproj", "{BDFB18BF-5441-4D93-B295-17743F7E3D89}"
EndProject
Global
	GlobalSection(SolutionConfigurationPlatforms) = preSolution
		Debug|Any CPU = Debug|Any CPU
		Release|Any CPU = Release|Any CPU
	EndGlobalSection
	GlobalSection(SolutionProperties) = preSolution
		HideSolutionNode = FALSE
	EndGlobalSection
	GlobalSection(ProjectConfigurationPlatforms) = postSolution
		{4FB0A4A7-405F-45AA-A650-FC60C3103790}.Debug|Any CPU.ActiveCfg = Debug|Any CPU
		{4FB0A4A7-405F-45AA-A650-FC60C3103790}.Debug|Any CPU.Build.0 = Debug|Any CPU
		{4FB0A4A7-405F-45AA-A650-FC60C3103790}.Release|Any CPU.ActiveCfg = Release|Any CPU
		{4FB0A4A7-405F-45AA-A650-FC60C3103790}.Release|Any CPU.Build.0 = Release|Any CPU
		{BDFB18BF-5441-4D93-B295-17743F7E3D89}.Debug|Any CPU.ActiveCfg = Debug|Any CPU
		{BDFB18BF-5441-4D93-B295-17743F7E3D89}.Debug|Any CPU.Build.0 = Debug|Any CPU
		{BDFB18BF-5441-4D93-B295-17743F7E3D89}.Release|Any CPU.ActiveCfg = Release|Any CPU
		{BDFB18BF-5441-4D93-B295-17743F7E3D89}.Release|Any CPU.Build.0 = Release|Any CPU
	EndGlobalSection
	GlobalSection(NestedProjects) = preSolution
		{BDFB18BF-5441-4D93-B295-17743F7E3D89} = {BA058193-22CB-47A4-8023-ED4369A917AC}
	EndGlobalSection
EndGlobal
