
Microsoft Visual Studio Solution File, Format Version 12.00
# Visual Studio Version 17
VisualStudioVersion = 17.0.31903.59
MinimumVisualStudioVersion = 10.0.40219.1
Project("{FAE04EC0-301F-11D3-BF4B-00C04F79EFBC}") = "Bolt.Endeavor", "src\Bolt.Endeavor\Bolt.Endeavor.csproj", "{4FB0A4A7-405F-45AA-A650-FC60C3103790}"
EndProject
Project("{2150E333-8FDC-42A3-9474-1A3956D46DE8}") = "Tests", "Tests", "{BA058193-22CB-47A4-8023-ED4369A917AC}"
EndProject
Project("{FAE04EC0-301F-11D3-BF4B-00C04F79EFBC}") = "Bolt.Endeavor.Tests", "tests\Bolt.Endeavor.Tests\Bolt.Endeavor.Tests.csproj", "{BDFB18BF-5441-4D93-B295-17743F7E3D89}"
EndProject
Project("{FAE04EC0-301F-11D3-BF4B-00C04F79EFBC}") = "Bolt.Endeavor.Extensions.Bus", "src\Bolt.Endeavor.Extensions.Bus\Bolt.Endeavor.Extensions.Bus.csproj", "{011D2F9E-49B1-4E01-A7E9-6A97013B10EE}"
EndProject
Project("{FAE04EC0-301F-11D3-BF4B-00C04F79EFBC}") = "Bolt.Endeavor.Extensions.Composers", "src\Bolt.Endeavor.Extensions.Composers\Bolt.Endeavor.Extensions.Composers.csproj", "{389B7814-E71A-4851-9050-E59C287B508F}"
EndProject
Project("{FAE04EC0-301F-11D3-BF4B-00C04F79EFBC}") = "Bolt.Endeavor.Extensions.Bus.FluentValidation", "src\Bolt.Endeavor.Extensions.Bus.FluentValidation\Bolt.Endeavor.Extensions.Bus.FluentValidation.csproj", "{4099386A-12AE-4730-83F5-3C603AE2F05F}"
EndProject
Project("{FAE04EC0-301F-11D3-BF4B-00C04F79EFBC}") = "Bolt.Endeavor.Extensions.Mvc", "src\Bolt.Endeavor.Extensions.Mvc\Bolt.Endeavor.Extensions.Mvc.csproj", "{162D056A-6514-460E-9E3C-3B54D53A6040}"
EndProject
Project("{FAE04EC0-301F-11D3-BF4B-00C04F79EFBC}") = "Bolt.Endeavor.Extensions.Tracing", "src\Bolt.Endeavor.Extensions.Tracing\Bolt.Endeavor.Extensions.Tracing.csproj", "{7542005D-0FDF-48C3-87D6-534B9C753FBC}"
EndProject
Project("{2150E333-8FDC-42A3-9474-1A3956D46DE8}") = "Samples", "Samples", "{70812150-DF95-4EB6-8E17-C970F58E8657}"
EndProject
Project("{FAE04EC0-301F-11D3-BF4B-00C04F79EFBC}") = "Catalogue.Api", "samples\Catalogue.Api\Catalogue.Api.csproj", "{12BC8516-B834-4551-BB5A-E229309F957A}"
EndProject
Project("{FAE04EC0-301F-11D3-BF4B-00C04F79EFBC}") = "Catalogue.Api.Contracts", "samples\Catalogue.Api.Contracts\Catalogue.Api.Contracts.csproj", "{1E753C22-E94D-4446-AF2D-B0570570A707}"
EndProject
Project("{FAE04EC0-301F-11D3-BF4B-00C04F79EFBC}") = "Orders.Api.Contracts", "samples\Orders.Api.Contracts\Orders.Api.Contracts.csproj", "{EEF531F1-E779-4F51-BC5D-78CE3DFACBC8}"
EndProject
Project("{FAE04EC0-301F-11D3-BF4B-00C04F79EFBC}") = "Orders.Api", "samples\Orders.Api\Orders.Api.csproj", "{752608C2-9AA7-466A-B580-0438D10F8598}"
EndProject
Project("{2150E333-8FDC-42A3-9474-1A3956D46DE8}") = "SolutionFolder", "SolutionFolder", "{92CFCA7D-A2DD-48B6-ABB5-B6361BD7D38C}"
	ProjectSection(SolutionItems) = preProject
		readme.md = readme.md
	EndProjectSection
EndProject
Project("{FAE04EC0-301F-11D3-BF4B-00C04F79EFBC}") = "Catalogue.Api.Tests", "samples\Bookworm.Catalogue.Api.Tests\Catalogue.Api.Tests.csproj", "{548E4D06-D37C-44E8-A45A-FA441876E894}"
EndProject
Project("{FAE04EC0-301F-11D3-BF4B-00C04F79EFBC}") = "Bolt.Endeavor.Extensions.Mvc.TestHelpers", "src\Bolt.Endeavor.Extensions.Mvc.TestHelpers\Bolt.Endeavor.Extensions.Mvc.TestHelpers.csproj", "{8D500901-0890-47DC-AEDF-92E7B832741F}"
EndProject
Project("{FAE04EC0-301F-11D3-BF4B-00C04F79EFBC}") = "Bolt.Endeavor.Extensions.App", "src\Bolt.Endeavor.Extensions.App\Bolt.Endeavor.Extensions.App.csproj", "{E3700B8D-29BE-483C-B84E-2B7D2B4C703C}"
EndProject
Project("{FAE04EC0-301F-11D3-BF4B-00C04F79EFBC}") = "Bolt.Endeavor.Extensions.MediatR", "src\Bolt.Endeavor.Extensions.MediatR\Bolt.Endeavor.Extensions.MediatR.csproj", "{2A85725A-CDD7-4F67-939C-DBB26DB6BA21}"
EndProject
Global
	GlobalSection(SolutionConfigurationPlatforms) = preSolution
		Debug|Any CPU = Debug|Any CPU
		Release|Any CPU = Release|Any CPU
	EndGlobalSection
	GlobalSection(SolutionProperties) = preSolution
		HideSolutionNode = FALSE
	EndGlobalSection
	GlobalSection(ProjectConfigurationPlatforms) = postSolution
		{4FB0A4A7-405F-45AA-A650-FC60C3103790}.Debug|Any CPU.ActiveCfg = Debug|Any CPU
		{4FB0A4A7-405F-45AA-A650-FC60C3103790}.Debug|Any CPU.Build.0 = Debug|Any CPU
		{4FB0A4A7-405F-45AA-A650-FC60C3103790}.Release|Any CPU.ActiveCfg = Release|Any CPU
		{4FB0A4A7-405F-45AA-A650-FC60C3103790}.Release|Any CPU.Build.0 = Release|Any CPU
		{BDFB18BF-5441-4D93-B295-17743F7E3D89}.Debug|Any CPU.ActiveCfg = Debug|Any CPU
		{BDFB18BF-5441-4D93-B295-17743F7E3D89}.Debug|Any CPU.Build.0 = Debug|Any CPU
		{BDFB18BF-5441-4D93-B295-17743F7E3D89}.Release|Any CPU.ActiveCfg = Release|Any CPU
		{BDFB18BF-5441-4D93-B295-17743F7E3D89}.Release|Any CPU.Build.0 = Release|Any CPU
		{011D2F9E-49B1-4E01-A7E9-6A97013B10EE}.Debug|Any CPU.ActiveCfg = Debug|Any CPU
		{011D2F9E-49B1-4E01-A7E9-6A97013B10EE}.Debug|Any CPU.Build.0 = Debug|Any CPU
		{011D2F9E-49B1-4E01-A7E9-6A97013B10EE}.Release|Any CPU.ActiveCfg = Release|Any CPU
		{011D2F9E-49B1-4E01-A7E9-6A97013B10EE}.Release|Any CPU.Build.0 = Release|Any CPU
		{389B7814-E71A-4851-9050-E59C287B508F}.Debug|Any CPU.ActiveCfg = Debug|Any CPU
		{389B7814-E71A-4851-9050-E59C287B508F}.Debug|Any CPU.Build.0 = Debug|Any CPU
		{389B7814-E71A-4851-9050-E59C287B508F}.Release|Any CPU.ActiveCfg = Release|Any CPU
		{389B7814-E71A-4851-9050-E59C287B508F}.Release|Any CPU.Build.0 = Release|Any CPU
		{4099386A-12AE-4730-83F5-3C603AE2F05F}.Debug|Any CPU.ActiveCfg = Debug|Any CPU
		{4099386A-12AE-4730-83F5-3C603AE2F05F}.Debug|Any CPU.Build.0 = Debug|Any CPU
		{4099386A-12AE-4730-83F5-3C603AE2F05F}.Release|Any CPU.ActiveCfg = Release|Any CPU
		{4099386A-12AE-4730-83F5-3C603AE2F05F}.Release|Any CPU.Build.0 = Release|Any CPU
		{162D056A-6514-460E-9E3C-3B54D53A6040}.Debug|Any CPU.ActiveCfg = Debug|Any CPU
		{162D056A-6514-460E-9E3C-3B54D53A6040}.Debug|Any CPU.Build.0 = Debug|Any CPU
		{162D056A-6514-460E-9E3C-3B54D53A6040}.Release|Any CPU.ActiveCfg = Release|Any CPU
		{162D056A-6514-460E-9E3C-3B54D53A6040}.Release|Any CPU.Build.0 = Release|Any CPU
		{7542005D-0FDF-48C3-87D6-534B9C753FBC}.Debug|Any CPU.ActiveCfg = Debug|Any CPU
		{7542005D-0FDF-48C3-87D6-534B9C753FBC}.Debug|Any CPU.Build.0 = Debug|Any CPU
		{7542005D-0FDF-48C3-87D6-534B9C753FBC}.Release|Any CPU.ActiveCfg = Release|Any CPU
		{7542005D-0FDF-48C3-87D6-534B9C753FBC}.Release|Any CPU.Build.0 = Release|Any CPU
		{12BC8516-B834-4551-BB5A-E229309F957A}.Debug|Any CPU.ActiveCfg = Debug|Any CPU
		{12BC8516-B834-4551-BB5A-E229309F957A}.Debug|Any CPU.Build.0 = Debug|Any CPU
		{12BC8516-B834-4551-BB5A-E229309F957A}.Release|Any CPU.ActiveCfg = Release|Any CPU
		{12BC8516-B834-4551-BB5A-E229309F957A}.Release|Any CPU.Build.0 = Release|Any CPU
		{1E753C22-E94D-4446-AF2D-B0570570A707}.Debug|Any CPU.ActiveCfg = Debug|Any CPU
		{1E753C22-E94D-4446-AF2D-B0570570A707}.Debug|Any CPU.Build.0 = Debug|Any CPU
		{1E753C22-E94D-4446-AF2D-B0570570A707}.Release|Any CPU.ActiveCfg = Release|Any CPU
		{1E753C22-E94D-4446-AF2D-B0570570A707}.Release|Any CPU.Build.0 = Release|Any CPU
		{EEF531F1-E779-4F51-BC5D-78CE3DFACBC8}.Debug|Any CPU.ActiveCfg = Debug|Any CPU
		{EEF531F1-E779-4F51-BC5D-78CE3DFACBC8}.Debug|Any CPU.Build.0 = Debug|Any CPU
		{EEF531F1-E779-4F51-BC5D-78CE3DFACBC8}.Release|Any CPU.ActiveCfg = Release|Any CPU
		{EEF531F1-E779-4F51-BC5D-78CE3DFACBC8}.Release|Any CPU.Build.0 = Release|Any CPU
		{752608C2-9AA7-466A-B580-0438D10F8598}.Debug|Any CPU.ActiveCfg = Debug|Any CPU
		{752608C2-9AA7-466A-B580-0438D10F8598}.Debug|Any CPU.Build.0 = Debug|Any CPU
		{752608C2-9AA7-466A-B580-0438D10F8598}.Release|Any CPU.ActiveCfg = Release|Any CPU
		{752608C2-9AA7-466A-B580-0438D10F8598}.Release|Any CPU.Build.0 = Release|Any CPU
		{548E4D06-D37C-44E8-A45A-FA441876E894}.Debug|Any CPU.ActiveCfg = Debug|Any CPU
		{548E4D06-D37C-44E8-A45A-FA441876E894}.Debug|Any CPU.Build.0 = Debug|Any CPU
		{548E4D06-D37C-44E8-A45A-FA441876E894}.Release|Any CPU.ActiveCfg = Release|Any CPU
		{548E4D06-D37C-44E8-A45A-FA441876E894}.Release|Any CPU.Build.0 = Release|Any CPU
		{8D500901-0890-47DC-AEDF-92E7B832741F}.Debug|Any CPU.ActiveCfg = Debug|Any CPU
		{8D500901-0890-47DC-AEDF-92E7B832741F}.Debug|Any CPU.Build.0 = Debug|Any CPU
		{8D500901-0890-47DC-AEDF-92E7B832741F}.Release|Any CPU.ActiveCfg = Release|Any CPU
		{8D500901-0890-47DC-AEDF-92E7B832741F}.Release|Any CPU.Build.0 = Release|Any CPU
		{E3700B8D-29BE-483C-B84E-2B7D2B4C703C}.Debug|Any CPU.ActiveCfg = Debug|Any CPU
		{E3700B8D-29BE-483C-B84E-2B7D2B4C703C}.Debug|Any CPU.Build.0 = Debug|Any CPU
		{E3700B8D-29BE-483C-B84E-2B7D2B4C703C}.Release|Any CPU.ActiveCfg = Release|Any CPU
		{E3700B8D-29BE-483C-B84E-2B7D2B4C703C}.Release|Any CPU.Build.0 = Release|Any CPU
		{2A85725A-CDD7-4F67-939C-DBB26DB6BA21}.Debug|Any CPU.ActiveCfg = Debug|Any CPU
		{2A85725A-CDD7-4F67-939C-DBB26DB6BA21}.Debug|Any CPU.Build.0 = Debug|Any CPU
		{2A85725A-CDD7-4F67-939C-DBB26DB6BA21}.Release|Any CPU.ActiveCfg = Release|Any CPU
		{2A85725A-CDD7-4F67-939C-DBB26DB6BA21}.Release|Any CPU.Build.0 = Release|Any CPU
	EndGlobalSection
	GlobalSection(NestedProjects) = preSolution
		{BDFB18BF-5441-4D93-B295-17743F7E3D89} = {BA058193-22CB-47A4-8023-ED4369A917AC}
		{12BC8516-B834-4551-BB5A-E229309F957A} = {70812150-DF95-4EB6-8E17-C970F58E8657}
		{1E753C22-E94D-4446-AF2D-B0570570A707} = {70812150-DF95-4EB6-8E17-C970F58E8657}
		{EEF531F1-E779-4F51-BC5D-78CE3DFACBC8} = {70812150-DF95-4EB6-8E17-C970F58E8657}
		{752608C2-9AA7-466A-B580-0438D10F8598} = {70812150-DF95-4EB6-8E17-C970F58E8657}
		{548E4D06-D37C-44E8-A45A-FA441876E894} = {70812150-DF95-4EB6-8E17-C970F58E8657}
	EndGlobalSection
EndGlobal
